
Microsoft Visual Studio Solution File, Format Version 12.00
# Visual Studio 15
Project("{FAE04EC0-301F-11D3-BF4B-00C04F79EFBC}") = "Assembly-CSharp", "Assembly-CSharp.csproj", "{D5C2A078-5D85-5597-B4B7-DDBF48ABCFD1}"
EndProject
Project("{FAE04EC0-301F-11D3-BF4B-00C04F79EFBC}") = "Assembly-CSharp-Editor", "Assembly-CSharp-Editor.csproj", "{4150EA52-BB7A-D935-BADE-0672AE28D003}"
EndProject
Global
	GlobalSection(SolutionConfigurationPlatforms) = preSolution
		Debug|Any CPU = Debug|Any CPU
		Release|Any CPU = Release|Any CPU
	EndGlobalSection
	GlobalSection(ProjectConfigurationPlatforms) = postSolution
		{D5C2A078-5D85-5597-B4B7-DDBF48ABCFD1}.Debug|Any CPU.ActiveCfg = Debug|Any CPU
		{D5C2A078-5D85-5597-B4B7-DDBF48ABCFD1}.Debug|Any CPU.Build.0 = Debug|Any CPU
		{D5C2A078-5D85-5597-B4B7-DDBF48ABCFD1}.Release|Any CPU.ActiveCfg = Release|Any CPU
		{D5C2A078-5D85-5597-B4B7-DDBF48ABCFD1}.Release|Any CPU.Build.0 = Release|Any CPU
		{4150EA52-BB7A-D935-BADE-0672AE28D003}.Debug|Any CPU.ActiveCfg = Debug|Any CPU
		{4150EA52-BB7A-D935-BADE-0672AE28D003}.Debug|Any CPU.Build.0 = Debug|Any CPU
		{4150EA52-BB7A-D935-BADE-0672AE28D003}.Release|Any CPU.ActiveCfg = Release|Any CPU
		{4150EA52-BB7A-D935-BADE-0672AE28D003}.Release|Any CPU.Build.0 = Release|Any CPU
	EndGlobalSection
	GlobalSection(SolutionProperties) = preSolution
		HideSolutionNode = FALSE
	EndGlobalSection
EndGlobal
